
Microsoft Visual Studio Solution File, Format Version 12.00
# Visual Studio Version 17
VisualStudioVersion = 17.2.32616.157
MinimumVisualStudioVersion = 10.0.40219.1
Project("{FAE04EC0-301F-11D3-BF4B-00C04F79EFBC}") = "Order", "Order\Order.csproj", "{9EE1C3E7-AA42-4CDB-ADFB-3F020A5D8010}"
EndProject
Global
	GlobalSection(SolutionConfigurationPlatforms) = preSolution
		Debug|Any CPU = Debug|Any CPU
		Release|Any CPU = Release|Any CPU
	EndGlobalSection
	GlobalSection(ProjectConfigurationPlatforms) = postSolution
		{9EE1C3E7-AA42-4CDB-ADFB-3F020A5D8010}.Debug|Any CPU.ActiveCfg = Debug|Any CPU
		{9EE1C3E7-AA42-4CDB-ADFB-3F020A5D8010}.Debug|Any CPU.Build.0 = Debug|Any CPU
		{9EE1C3E7-AA42-4CDB-ADFB-3F020A5D8010}.Release|Any CPU.ActiveCfg = Release|Any CPU
		{9EE1C3E7-AA42-4CDB-ADFB-3F020A5D8010}.Release|Any CPU.Build.0 = Release|Any CPU
	EndGlobalSection
	GlobalSection(SolutionProperties) = preSolution
		HideSolutionNode = FALSE
	EndGlobalSection
	GlobalSection(ExtensibilityGlobals) = postSolution
		SolutionGuid = {F09A0390-EE81-406F-8B33-3D341CD1F918}
	EndGlobalSection
EndGlobal
